
Microsoft Visual Studio Solution File, Format Version 12.00
# Visual Studio Version 17
VisualStudioVersion = 17.14.36127.28 d17.14
MinimumVisualStudioVersion = 10.0.40219.1
Project("{FAE04EC0-301F-11D3-BF4B-00C04F79EFBC}") = "EntradasUteis", "LerInteiro\EntradasUteis.csproj", "{8498748E-F131-4FA8-BE33-A42C21D3C6AB}"
EndProject
Global
	GlobalSection(SolutionConfigurationPlatforms) = preSolution
		Debug|Any CPU = Debug|Any CPU
		Release|Any CPU = Release|Any CPU
	EndGlobalSection
	GlobalSection(ProjectConfigurationPlatforms) = postSolution
		{8498748E-F131-4FA8-BE33-A42C21D3C6AB}.Debug|Any CPU.ActiveCfg = Debug|Any CPU
		{8498748E-F131-4FA8-BE33-A42C21D3C6AB}.Debug|Any CPU.Build.0 = Debug|Any CPU
		{8498748E-F131-4FA8-BE33-A42C21D3C6AB}.Release|Any CPU.ActiveCfg = Release|Any CPU
		{8498748E-F131-4FA8-BE33-A42C21D3C6AB}.Release|Any CPU.Build.0 = Release|Any CPU
	EndGlobalSection
	GlobalSection(SolutionProperties) = preSolution
		HideSolutionNode = FALSE
	EndGlobalSection
	GlobalSection(ExtensibilityGlobals) = postSolution
		SolutionGuid = {A5F17979-6B6F-4E17-B56A-F967B3006229}
	EndGlobalSection
EndGlobal
